// !$*UTF8*$!
{
	archiveVersion = 1;
	classes = {
	};
	objectVersion = 50;
	objects = {

/* Begin PBXBuildFile section */
		32C7C32520E97DEC005B58DE /* main.swift in Sources */ = {isa = PBXBuildFile; fileRef = 32C7C32420E97DEC005B58DE /* main.swift */; };
		32C7C32C20E97E27005B58DE /* Animals.swift in Sources */ = {isa = PBXBuildFile; fileRef = 32C7C32B20E97E27005B58DE /* Animals.swift */; };
		32C7C32E20E97E71005B58DE /* Birds.swift in Sources */ = {isa = PBXBuildFile; fileRef = 32C7C32D20E97E71005B58DE /* Birds.swift */; };
		32C7C33020E97EA9005B58DE /* Mammals.swift in Sources */ = {isa = PBXBuildFile; fileRef = 32C7C32F20E97EA9005B58DE /* Mammals.swift */; };
		32C7C33220E97EE0005B58DE /* Humans.swift in Sources */ = {isa = PBXBuildFile; fileRef = 32C7C33120E97EE0005B58DE /* Humans.swift */; };
		32C7C33420E97F4B005B58DE /* Fish.swift in Sources */ = {isa = PBXBuildFile; fileRef = 32C7C33320E97F4B005B58DE /* Fish.swift */; };
/* End PBXBuildFile section */

/* Begin PBXCopyFilesBuildPhase section */
		32C7C31F20E97DEC005B58DE /* CopyFiles */ = {
			isa = PBXCopyFilesBuildPhase;
			buildActionMask = 2147483647;
			dstPath = /usr/share/man/man1/;
			dstSubfolderSpec = 0;
			files = (
			);
			runOnlyForDeploymentPostprocessing = 1;
		};
/* End PBXCopyFilesBuildPhase section */

/* Begin PBXFileReference section */
		32C7C32120E97DEC005B58DE /* InheritanceAnimalEx */ = {isa = PBXFileReference; explicitFileType = "compiled.mach-o.executable"; includeInIndex = 0; path = InheritanceAnimalEx; sourceTree = BUILT_PRODUCTS_DIR; };
		32C7C32420E97DEC005B58DE /* main.swift */ = {isa = PBXFileReference; lastKnownFileType = sourcecode.swift; path = main.swift; sourceTree = "<group>"; };
		32C7C32B20E97E27005B58DE /* Animals.swift */ = {isa = PBXFileReference; lastKnownFileType = sourcecode.swift; path = Animals.swift; sourceTree = "<group>"; };
		32C7C32D20E97E71005B58DE /* Birds.swift */ = {isa = PBXFileReference; lastKnownFileType = sourcecode.swift; path = Birds.swift; sourceTree = "<group>"; };
		32C7C32F20E97EA9005B58DE /* Mammals.swift */ = {isa = PBXFileReference; lastKnownFileType = sourcecode.swift; path = Mammals.swift; sourceTree = "<group>"; };
		32C7C33120E97EE0005B58DE /* Humans.swift */ = {isa = PBXFileReference; lastKnownFileType = sourcecode.swift; path = Humans.swift; sourceTree = "<group>"; };
		32C7C33320E97F4B005B58DE /* Fish.swift */ = {isa = PBXFileReference; lastKnownFileType = sourcecode.swift; path = Fish.swift; sourceTree = "<group>"; };
/* End PBXFileReference section */

/* Begin PBXFrameworksBuildPhase section */
		32C7C31E20E97DEC005B58DE /* Frameworks */ = {
			isa = PBXFrameworksBuildPhase;
			buildActionMask = 2147483647;
			files = (
			);
			runOnlyForDeploymentPostprocessing = 0;
		};
/* End PBXFrameworksBuildPhase section */

/* Begin PBXGroup section */
		32C7C31820E97DEC005B58DE = {
			isa = PBXGroup;
			children = (
				32C7C32320E97DEC005B58DE /* InheritanceAnimalEx */,
				32C7C32220E97DEC005B58DE /* Products */,
			);
			sourceTree = "<group>";
		};
		32C7C32220E97DEC005B58DE /* Products */ = {
			isa = PBXGroup;
			children = (
				32C7C32120E97DEC005B58DE /* InheritanceAnimalEx */,
			);
			name = Products;
			sourceTree = "<group>";
		};
		32C7C32320E97DEC005B58DE /* InheritanceAnimalEx */ = {
			isa = PBXGroup;
			children = (
				32C7C32420E97DEC005B58DE /* main.swift */,
				32C7C32B20E97E27005B58DE /* Animals.swift */,
				32C7C32D20E97E71005B58DE /* Birds.swift */,
				32C7C32F20E97EA9005B58DE /* Mammals.swift */,
				32C7C33120E97EE0005B58DE /* Humans.swift */,
				32C7C33320E97F4B005B58DE /* Fish.swift */,
			);
			path = InheritanceAnimalEx;
			sourceTree = "<group>";
		};
/* End PBXGroup section */

/* Begin PBXNativeTarget section */
		32C7C32020E97DEC005B58DE /* InheritanceAnimalEx */ = {
			isa = PBXNativeTarget;
			buildConfigurationList = 32C7C32820E97DEC005B58DE /* Build configuration list for PBXNativeTarget "InheritanceAnimalEx" */;
			buildPhases = (
				32C7C31D20E97DEC005B58DE /* Sources */,
				32C7C31E20E97DEC005B58DE /* Frameworks */,
				32C7C31F20E97DEC005B58DE /* CopyFiles */,
			);
			buildRules = (
			);
			dependencies = (
			);
			name = InheritanceAnimalEx;
			productName = InheritanceAnimalEx;
			productReference = 32C7C32120E97DEC005B58DE /* InheritanceAnimalEx */;
			productType = "com.apple.product-type.tool";
		};
/* End PBXNativeTarget section */

/* Begin PBXProject section */
		32C7C31920E97DEC005B58DE /* Project object */ = {
			isa = PBXProject;
			attributes = {
				LastSwiftUpdateCheck = 0940;
				LastUpgradeCheck = 0940;
				ORGANIZATIONNAME = Jankowski;
				TargetAttributes = {
					32C7C32020E97DEC005B58DE = {
						CreatedOnToolsVersion = 9.4.1;
					};
				};
			};
			buildConfigurationList = 32C7C31C20E97DEC005B58DE /* Build configuration list for PBXProject "InheritanceAnimalEx" */;
			compatibilityVersion = "Xcode 9.3";
			developmentRegion = en;
			hasScannedForEncodings = 0;
			knownRegions = (
				en,
			);
			mainGroup = 32C7C31820E97DEC005B58DE;
			productRefGroup = 32C7C32220E97DEC005B58DE /* Products */;
			projectDirPath = "";
			projectRoot = "";
			targets = (
				32C7C32020E97DEC005B58DE /* InheritanceAnimalEx */,
			);
		};
/* End PBXProject section */

/* Begin PBXSourcesBuildPhase section */
		32C7C31D20E97DEC005B58DE /* Sources */ = {
			isa = PBXSourcesBuildPhase;
			buildActionMask = 2147483647;
			files = (
				32C7C33020E97EA9005B58DE /* Mammals.swift in Sources */,
				32C7C33420E97F4B005B58DE /* Fish.swift in Sources */,
				32C7C32520E97DEC005B58DE /* main.swift in Sources */,
				32C7C33220E97EE0005B58DE /* Humans.swift in Sources */,
				32C7C32C20E97E27005B58DE /* Animals.swift in Sources */,
				32C7C32E20E97E71005B58DE /* Birds.swift in Sources */,
			);
			runOnlyForDeploymentPostprocessing = 0;
		};
/* End PBXSourcesBuildPhase section */

/* Begin XCBuildConfiguration section */
		32C7C32620E97DEC005B58DE /* Debug */ = {
			isa = XCBuildConfiguration;
			buildSettings = {
				ALWAYS_SEARCH_USER_PATHS = NO;
				CLANG_ANALYZER_NONNULL = YES;
				CLANG_ANALYZER_NUMBER_OBJECT_CONVERSION = YES_AGGRESSIVE;
				CLANG_CXX_LANGUAGE_STANDARD = "gnu++14";
				CLANG_CXX_LIBRARY = "libc++";
				CLANG_ENABLE_MODULES = YES;
				CLANG_ENABLE_OBJC_ARC = YES;
				CLANG_ENABLE_OBJC_WEAK = YES;
				CLANG_WARN_BLOCK_CAPTURE_AUTORELEASING = YES;
				CLANG_WARN_BOOL_CONVERSION = YES;
				CLANG_WARN_COMMA = YES;
				CLANG_WARN_CONSTANT_CONVERSION = YES;
				CLANG_WARN_DEPRECATED_OBJC_IMPLEMENTATIONS = YES;
				CLANG_WARN_DIRECT_OBJC_ISA_USAGE = YES_ERROR;
				CLANG_WARN_DOCUMENTATION_COMMENTS = YES;
				CLANG_WARN_EMPTY_BODY = YES;
				CLANG_WARN_ENUM_CONVERSION = YES;
				CLANG_WARN_INFINITE_RECURSION = YES;
				CLANG_WARN_INT_CONVERSION = YES;
				CLANG_WARN_NON_LITERAL_NULL_CONVERSION = YES;
				CLANG_WARN_OBJC_IMPLICIT_RETAIN_SELF = YES;
				CLANG_WARN_OBJC_LITERAL_CONVERSION = YES;
				CLANG_WARN_OBJC_ROOT_CLASS = YES_ERROR;
				CLANG_WARN_RANGE_LOOP_ANALYSIS = YES;
				CLANG_WARN_STRICT_PROTOTYPES = YES;
				CLANG_WARN_SUSPICIOUS_MOVE = YES;
				CLANG_WARN_UNGUARDED_AVAILABILITY = YES_AGGRESSIVE;
				CLANG_WARN_UNREACHABLE_CODE = YES;
				CLANG_WARN__DUPLICATE_METHOD_MATCH = YES;
				CODE_SIGN_IDENTITY = "Mac Developer";
				COPY_PHASE_STRIP = NO;
				DEBUG_INFORMATION_FORMAT = dwarf;
				ENABLE_STRICT_OBJC_MSGSEND = YES;
				ENABLE_TESTABILITY = YES;
				GCC_C_LANGUAGE_STANDARD = gnu11;
				GCC_DYNAMIC_NO_PIC = NO;
				GCC_NO_COMMON_BLOCKS = YES;
				GCC_OPTIMIZATION_LEVEL = 0;
				GCC_PREPROCESSOR_DEFINITIONS = (
					"DEBUG=1",
					"$(inherited)",
				);
				GCC_WARN_64_TO_32_BIT_CONVERSION = YES;
				GCC_WARN_ABOUT_RETURN_TYPE = YES_ERROR;
				GCC_WARN_UNDECLARED_SELECTOR = YES;
				GCC_WARN_UNINITIALIZED_AUTOS = YES_AGGRESSIVE;
				GCC_WARN_UNUSED_FUNCTION = YES;
				GCC_WARN_UNUSED_VARIABLE = YES;
				MACOSX_DEPLOYMENT_TARGET = 10.13;
				MTL_ENABLE_DEBUG_INFO = YES;
				ONLY_ACTIVE_ARCH = YES;
				SDKROOT = macosx;
				SWIFT_ACTIVE_COMPILATION_CONDITIONS = DEBUG;
				SWIFT_OPTIMIZATION_LEVEL = "-Onone";
			};
			name = Debug;
		};
		32C7C32720E97DEC005B58DE /* Release */ = {
			isa = XCBuildConfiguration;
			buildSettings = {
				ALWAYS_SEARCH_USER_PATHS = NO;
				CLANG_ANALYZER_NONNULL = YES;
				CLANG_ANALYZER_NUMBER_OBJECT_CONVERSION = YES_AGGRESSIVE;
				CLANG_CXX_LANGUAGE_STANDARD = "gnu++14";
				CLANG_CXX_LIBRARY = "libc++";
				CLANG_ENABLE_MODULES = YES;
				CLANG_ENABLE_OBJC_ARC = YES;
				CLANG_ENABLE_OBJC_WEAK = YES;
				CLANG_WARN_BLOCK_CAPTURE_AUTORELEASING = YES;
				CLANG_WARN_BOOL_CONVERSION = YES;
				CLANG_WARN_COMMA = YES;
				CLANG_WARN_CONSTANT_CONVERSION = YES;
				CLANG_WARN_DEPRECATED_OBJC_IMPLEMENTATIONS = YES;
				CLANG_WARN_DIRECT_OBJC_ISA_USAGE = YES_ERROR;
				CLANG_WARN_DOCUMENTATION_COMMENTS = YES;
				CLANG_WARN_EMPTY_BODY = YES;
				CLANG_WARN_ENUM_CONVERSION = YES;
				CLANG_WARN_INFINITE_RECURSION = YES;
				CLANG_WARN_INT_CONVERSION = YES;
				CLANG_WARN_NON_LITERAL_NULL_CONVERSION = YES;
				CLANG_WARN_OBJC_IMPLICIT_RETAIN_SELF = YES;
				CLANG_WARN_OBJC_LITERAL_CONVERSION = YES;
				CLANG_WARN_OBJC_ROOT_CLASS = YES_ERROR;
				CLANG_WARN_RANGE_LOOP_ANALYSIS = YES;
				CLANG_WARN_STRICT_PROTOTYPES = YES;
				CLANG_WARN_SUSPICIOUS_MOVE = YES;
				CLANG_WARN_UNGUARDED_AVAILABILITY = YES_AGGRESSIVE;
				CLANG_WARN_UNREACHABLE_CODE = YES;
				CLANG_WARN__DUPLICATE_METHOD_MATCH = YES;
				CODE_SIGN_IDENTITY = "Mac Developer";
				COPY_PHASE_STRIP = NO;
				DEBUG_INFORMATION_FORMAT = "dwarf-with-dsym";
				ENABLE_NS_ASSERTIONS = NO;
				ENABLE_STRICT_OBJC_MSGSEND = YES;
				GCC_C_LANGUAGE_STANDARD = gnu11;
				GCC_NO_COMMON_BLOCKS = YES;
				GCC_WARN_64_TO_32_BIT_CONVERSION = YES;
				GCC_WARN_ABOUT_RETURN_TYPE = YES_ERROR;
				GCC_WARN_UNDECLARED_SELECTOR = YES;
				GCC_WARN_UNINITIALIZED_AUTOS = YES_AGGRESSIVE;
				GCC_WARN_UNUSED_FUNCTION = YES;
				GCC_WARN_UNUSED_VARIABLE = YES;
				MACOSX_DEPLOYMENT_TARGET = 10.13;
				MTL_ENABLE_DEBUG_INFO = NO;
				SDKROOT = macosx;
				SWIFT_COMPILATION_MODE = wholemodule;
				SWIFT_OPTIMIZATION_LEVEL = "-O";
			};
			name = Release;
		};
		32C7C32920E97DEC005B58DE /* Debug */ = {
			isa = XCBuildConfiguration;
			buildSettings = {
				CODE_SIGN_STYLE = Automatic;
				DEVELOPMENT_TEAM = 3SAX3X84RQ;
				PRODUCT_NAME = "$(TARGET_NAME)";
				SWIFT_VERSION = 4.0;
			};
			name = Debug;
		};
		32C7C32A20E97DEC005B58DE /* Release */ = {
			isa = XCBuildConfiguration;
			buildSettings = {
				CODE_SIGN_STYLE = Automatic;
				DEVELOPMENT_TEAM = 3SAX3X84RQ;
				PRODUCT_NAME = "$(TARGET_NAME)";
				SWIFT_VERSION = 4.0;
			};
			name = Release;
		};
/* End XCBuildConfiguration section */

/* Begin XCConfigurationList section */
		32C7C31C20E97DEC005B58DE /* Build configuration list for PBXProject "InheritanceAnimalEx" */ = {
			isa = XCConfigurationList;
			buildConfigurations = (
				32C7C32620E97DEC005B58DE /* Debug */,
				32C7C32720E97DEC005B58DE /* Release */,
			);
			defaultConfigurationIsVisible = 0;
			defaultConfigurationName = Release;
		};
		32C7C32820E97DEC005B58DE /* Build configuration list for PBXNativeTarget "InheritanceAnimalEx" */ = {
			isa = XCConfigurationList;
			buildConfigurations = (
				32C7C32920E97DEC005B58DE /* Debug */,
				32C7C32A20E97DEC005B58DE /* Release */,
			);
			defaultConfigurationIsVisible = 0;
			defaultConfigurationName = Release;
		};
/* End XCConfigurationList section */
	};
	rootObject = 32C7C31920E97DEC005B58DE /* Project object */;
}
